/* 主分组 */
00E356F22A9E7D0B00CFB121 = {
    isa = PBXGroup;
    children = (
        00C302E62A9E7D1700CFB121 /* Info.plist */,
        00C302E72A9E7D1700CFB121 /* main.m */,
        /* 新增：引用Assets.xcassets */
        00E357002A9E7D0B00CFB121 /* Assets.xcassets */,
        00E356F32A9E7D0B00CFB121 /* Products */,
    );
    name = Demo;
    sourceTree = "<group>";
};

/* 新增：Assets.xcassets文件引用 */
00E357002A9E7D0B00CFB121 /* Assets.xcassets */ = {
    isa = PBXFileReference;
    lastKnownFileType = folder.assetcatalog;
    path = Demo/Assets.xcassets;
    sourceTree = "<group>";
};
